# This file is automatically @generated by Poetry 2.2.1 and should not be changed by hand.

[[package]]
name = "fastavro"
version = "1.12.1"
description = "Fast read/write of AVRO files"
optional = false
python-versions = ">=3.9"
groups = ["main"]
files = [
    {file = "fastavro-1.12.1-cp310-cp310-macosx_10_9_universal2.whl", hash = "sha256:00650ca533907361edda22e6ffe8cf87ab2091c5d8aee5c8000b0f2dcdda7ed3"},
    {file = "fastavro-1.12.1-cp310-cp310-manylinux2014_aarch64.manylinux_2_17_aarch64.manylinux_2_28_aarch64.whl", hash = "sha256:ac76d6d95f909c72ee70d314b460b7e711d928845771531d823eb96a10952d26"},
    {file = "fastavro-1.12.1-cp310-cp310-manylinux2014_x86_64.manylinux_2_17_x86_64.manylinux_2_28_x86_64.whl", hash = "sha256:1f55eef18c41d4476bd32a82ed5dd86aabc3f614e1b66bdb09ffa291612e1670"},
    {file = "fastavro-1.12.1-cp310-cp310-musllinux_1_2_aarch64.whl", hash = "sha256:81563e1f93570e6565487cdb01ba241a36a00e58cff9c5a0614af819d1155d8f"},
    {file = "fastavro-1.12.1-cp310-cp310-musllinux_1_2_x86_64.whl", hash = "sha256:bec207360f76f0b3de540758a297193c5390e8e081c43c3317f610b1414d8c8f"},
    {file = "fastavro-1.12.1-cp310-cp310-win_amd64.whl", hash = "sha256:c0390bfe4a9f8056a75ac6785fbbff8f5e317f5356481d2e29ec980877d2314b"},
    {file = "fastavro-1.12.1-cp311-cp311-macosx_10_9_universal2.whl", hash = "sha256:6b632b713bc5d03928a87d811fa4a11d5f25cd43e79c161e291c7d3f7aa740fd"},
    {file = "fastavro-1.12.1-cp311-cp311-manylinux2014_aarch64.manylinux_2_17_aarch64.manylinux_2_28_aarch64.whl", hash = "sha256:eaa7ab3769beadcebb60f0539054c7755f63bd9cf7666e2c15e615ab605f89a8"},
    {file = "fastavro-1.12.1-cp311-cp311-manylinux2014_x86_64.manylinux_2_17_x86_64.manylinux_2_28_x86_64.whl", hash = "sha256:123fb221df3164abd93f2d042c82f538a1d5a43ce41375f12c91ce1355a9141e"},
    {file = "fastavro-1.12.1-cp311-cp311-musllinux_1_2_aarch64.whl", hash = "sha256:632a4e3ff223f834ddb746baae0cc7cee1068eb12c32e4d982c2fee8a5b483d0"},
    {file = "fastavro-1.12.1-cp311-cp311-musllinux_1_2_x86_64.whl", hash = "sha256:83e6caf4e7a8717d932a3b1ff31595ad169289bbe1128a216be070d3a8391671"},
    {file = "fastavro-1.12.1-cp311-cp311-win_amd64.whl", hash = "sha256:b91a0fe5a173679a6c02d53ca22dcaad0a2c726b74507e0c1c2e71a7c3f79ef9"},
    {file = "fastavro-1.12.1-cp312-cp312-macosx_10_13_universal2.whl", hash = "sha256:509818cb24b98a804fc80be9c5fed90f660310ae3d59382fc811bfa187122167"},
    {file = "fastavro-1.12.1-cp312-cp312-manylinux2014_aarch64.manylinux_2_17_aarch64.manylinux_2_28_aarch64.whl", hash = "sha256:089e155c0c76e0d418d7e79144ce000524dd345eab3bc1e9c5ae69d500f71b14"},
    {file = "fastavro-1.12.1-cp312-cp312-manylinux2014_x86_64.manylinux_2_17_x86_64.manylinux_2_28_x86_64.whl", hash = "sha256:44cbff7518901c91a82aab476fcab13d102e4999499df219d481b9e15f61af34"},
    {file = "fastavro-1.12.1-cp312-cp312-musllinux_1_2_aarch64.whl", hash = "sha256:a275e48df0b1701bb764b18a8a21900b24cf882263cb03d35ecdba636bbc830b"},
    {file = "fastavro-1.12.1-cp312-cp312-musllinux_1_2_x86_64.whl", hash = "sha256:2de72d786eb38be6b16d556b27232b1bf1b2797ea09599507938cdb7a9fe3e7c"},
    {file = "fastavro-1.12.1-cp312-cp312-win_amd64.whl", hash = "sha256:9090f0dee63fe022ee9cc5147483366cc4171c821644c22da020d6b48f576b4f"},
    {file = "fastavro-1.12.1-cp313-cp313-macosx_10_13_universal2.whl", hash = "sha256:78df838351e4dff9edd10a1c41d1324131ffecbadefb9c297d612ef5363c049a"},
    {file = "fastavro-1.12.1-cp313-cp313-manylinux2014_aarch64.manylinux_2_17_aarch64.manylinux_2_28_aarch64.whl", hash = "sha256:780476c23175d2ae457c52f45b9ffa9d504593499a36cd3c1929662bf5b7b14b"},
    {file = "fastavro-1.12.1-cp313-cp313-manylinux2014_x86_64.manylinux_2_17_x86_64.manylinux_2_28_x86_64.whl", hash = "sha256:0714b285160fcd515eb0455540f40dd6dac93bdeacdb03f24e8eac3d8aa51f8d"},
    {file = "fastavro-1.12.1-cp313-cp313-musllinux_1_2_aarch64.whl", hash = "sha256:a8bc2dcec5843d499f2489bfe0747999108f78c5b29295d877379f1972a3d41a"},
    {file = "fastavro-1.12.1-cp313-cp313-musllinux_1_2_x86_64.whl", hash = "sha256:3b1921ac35f3d89090a5816b626cf46e67dbecf3f054131f84d56b4e70496f45"},
    {file = "fastavro-1.12.1-cp313-cp313-win_amd64.whl", hash = "sha256:5aa777b8ee595b50aa084104cd70670bf25a7bbb9fd8bb5d07524b0785ee1699"},
    {file = "fastavro-1.12.1-cp313-cp313t-macosx_10_13_universal2.whl", hash = "sha256:c3d67c47f177e486640404a56f2f50b165fe892cc343ac3a34673b80cc7f1dd6"},
    {file = "fastavro-1.12.1-cp313-cp313t-manylinux2014_aarch64.manylinux_2_17_aarch64.manylinux_2_28_aarch64.whl", hash = "sha256:5217f773492bac43dae15ff2931432bce2d7a80be7039685a78d3fab7df910bd"},
    {file = "fastavro-1.12.1-cp313-cp313t-manylinux2014_x86_64.manylinux_2_17_x86_64.manylinux_2_28_x86_64.whl", hash = "sha256:469fecb25cba07f2e1bfa4c8d008477cd6b5b34a59d48715e1b1a73f6160097d"},
    {file = "fastavro-1.12.1-cp313-cp313t-musllinux_1_2_aarch64.whl", hash = "sha256:d71c8aa841ef65cfab709a22bb887955f42934bced3ddb571e98fdbdade4c609"},
    {file = "fastavro-1.12.1-cp313-cp313t-musllinux_1_2_x86_64.whl", hash = "sha256:b81fc04e85dfccf7c028e0580c606e33aa8472370b767ef058aae2c674a90746"},
    {file = "fastavro-1.12.1-cp314-cp314-macosx_10_15_universal2.whl", hash = "sha256:9445da127751ba65975d8e4bdabf36bfcfdad70fc35b2d988e3950cce0ec0e7c"},
    {file = "fastavro-1.12.1-cp314-cp314-manylinux2014_aarch64.manylinux_2_17_aarch64.manylinux_2_28_aarch64.whl", hash = "sha256:ed924233272719b5d5a6a0b4d80ef3345fc7e84fc7a382b6232192a9112d38a6"},
    {file = "fastavro-1.12.1-cp314-cp314-manylinux2014_x86_64.manylinux_2_17_x86_64.manylinux_2_28_x86_64.whl", hash = "sha256:3616e2f0e1c9265e92954fa099db79c6e7817356d3ff34f4bcc92699ae99697c"},
    {file = "fastavro-1.12.1-cp314-cp314-musllinux_1_2_aarch64.whl", hash = "sha256:cb0337b42fd3c047fcf0e9b7597bd6ad25868de719f29da81eabb6343f08d399"},
    {file = "fastavro-1.12.1-cp314-cp314-musllinux_1_2_x86_64.whl", hash = "sha256:64961ab15b74b7c168717bbece5660e0f3d457837c3cc9d9145181d011199fa7"},
    {file = "fastavro-1.12.1-cp314-cp314-win_amd64.whl", hash = "sha256:792356d320f6e757e89f7ac9c22f481e546c886454a6709247f43c0dd7058004"},
    {file = "fastavro-1.12.1-cp314-cp314t-manylinux2014_aarch64.manylinux_2_17_aarch64.manylinux_2_28_aarch64.whl", hash = "sha256:120aaf82ac19d60a1016afe410935fe94728752d9c2d684e267e5b7f0e70f6d9"},
    {file = "fastavro-1.12.1-cp314-cp314t-manylinux2014_x86_64.manylinux_2_17_x86_64.manylinux_2_28_x86_64.whl", hash = "sha256:b6a3462934b20a74f9ece1daa49c2e4e749bd9a35fa2657b53bf62898fba80f5"},
    {file = "fastavro-1.12.1-cp314-cp314t-musllinux_1_2_aarch64.whl", hash = "sha256:1f81011d54dd47b12437b51dd93a70a9aa17b61307abf26542fc3c13efbc6c51"},
    {file = "fastavro-1.12.1-cp314-cp314t-musllinux_1_2_x86_64.whl", hash = "sha256:43ded16b3f4a9f1a42f5970c2aa618acb23ea59c4fcaa06680bdf470b255e5a8"},
    {file = "fastavro-1.12.1-cp39-cp39-macosx_10_9_universal2.whl", hash = "sha256:02281432dcb11c78b3280da996eff61ee0eff39c5de06c6e0fbf19275093e6d4"},
    {file = "fastavro-1.12.1-cp39-cp39-manylinux2014_aarch64.manylinux_2_17_aarch64.manylinux_2_28_aarch64.whl", hash = "sha256:4128978b930aaf930332db4b3acc290783183f3be06a241ae4a482f3ed8ce892"},
    {file = "fastavro-1.12.1-cp39-cp39-manylinux2014_x86_64.manylinux_2_17_x86_64.manylinux_2_28_x86_64.whl", hash = "sha256:546ffffda6610fca672f0ed41149808e106d8272bb246aa7539fa8bb6f117f17"},
    {file = "fastavro-1.12.1-cp39-cp39-musllinux_1_2_aarch64.whl", hash = "sha256:a7d840ccd9aacada3ddc80fbcc4ea079b658107fe62e9d289a0de9d54e95d366"},
    {file = "fastavro-1.12.1-cp39-cp39-musllinux_1_2_x86_64.whl", hash = "sha256:3100ad643e7fa658469a2a2db229981c1a000ff16b8037c0b58ce3ec4d2107e8"},
    {file = "fastavro-1.12.1-cp39-cp39-win_amd64.whl", hash = "sha256:a38607444281619eda3a9c1be9f5397634012d1b237142eee1540e810b30ac8b"},
    {file = "fastavro-1.12.1.tar.gz", hash = "sha256:2f285be49e45bc047ab2f6bed040bb349da85db3f3c87880e4b92595ea093b2b"},
]

[package.extras]
codecs = ["cramjam", "lz4", "zstandard"]
lz4 = ["lz4"]
snappy = ["cramjam"]
zstandard = ["zstandard"]

[metadata]
lock-version = "2.1"
python-versions = "~3.12"
content-hash = "392f4d2ea8d2bfa789fd94afe29cca87cf6b83e58c283630b9d7090c8aabf517"
